
Microsoft Visual Studio Solution File, Format Version 12.00
# Visual Studio 15
VisualStudioVersion = 15.0.26228.12
MinimumVisualStudioVersion = 10.0.40219.1
Project("{8BC9CEB8-8B4A-11D0-8D11-00A0C91BC942}") = "LinkedListLib", "LinkedListLib\LinkedListLib.vcxproj", "{282BDDBD-6AC1-4D74-B663-B1FF758F6BA8}"
EndProject
Project("{8BC9CEB8-8B4A-11D0-8D11-00A0C91BC942}") = "LinkedListTest", "LinkedListTest\LinkedListTest.vcxproj", "{5DE01AA8-191D-4C4F-BD00-0C9957D7D35B}"
EndProject
Global
	GlobalSection(SolutionConfigurationPlatforms) = preSolution
		Debug|x64 = Debug|x64
		Debug|x86 = Debug|x86
		Release|x64 = Release|x64
		Release|x86 = Release|x86
	EndGlobalSection
	GlobalSection(ProjectConfigurationPlatforms) = postSolution
		{282BDDBD-6AC1-4D74-B663-B1FF758F6BA8}.Debug|x64.ActiveCfg = Debug|x64
		{282BDDBD-6AC1-4D74-B663-B1FF758F6BA8}.Debug|x64.Build.0 = Debug|x64
		{282BDDBD-6AC1-4D74-B663-B1FF758F6BA8}.Debug|x86.ActiveCfg = Debug|Win32
		{282BDDBD-6AC1-4D74-B663-B1FF758F6BA8}.Debug|x86.Build.0 = Debug|Win32
		{282BDDBD-6AC1-4D74-B663-B1FF758F6BA8}.Release|x64.ActiveCfg = Release|x64
		{282BDDBD-6AC1-4D74-B663-B1FF758F6BA8}.Release|x64.Build.0 = Release|x64
		{282BDDBD-6AC1-4D74-B663-B1FF758F6BA8}.Release|x86.ActiveCfg = Release|Win32
		{282BDDBD-6AC1-4D74-B663-B1FF758F6BA8}.Release|x86.Build.0 = Release|Win32
		{5DE01AA8-191D-4C4F-BD00-0C9957D7D35B}.Debug|x64.ActiveCfg = Debug|x64
		{5DE01AA8-191D-4C4F-BD00-0C9957D7D35B}.Debug|x64.Build.0 = Debug|x64
		{5DE01AA8-191D-4C4F-BD00-0C9957D7D35B}.Debug|x86.ActiveCfg = Debug|Win32
		{5DE01AA8-191D-4C4F-BD00-0C9957D7D35B}.Debug|x86.Build.0 = Debug|Win32
		{5DE01AA8-191D-4C4F-BD00-0C9957D7D35B}.Release|x64.ActiveCfg = Release|x64
		{5DE01AA8-191D-4C4F-BD00-0C9957D7D35B}.Release|x64.Build.0 = Release|x64
		{5DE01AA8-191D-4C4F-BD00-0C9957D7D35B}.Release|x86.ActiveCfg = Release|Win32
		{5DE01AA8-191D-4C4F-BD00-0C9957D7D35B}.Release|x86.Build.0 = Release|Win32
	EndGlobalSection
	GlobalSection(SolutionProperties) = preSolution
		HideSolutionNode = FALSE
	EndGlobalSection
EndGlobal
